
Microsoft Visual Studio Solution File, Format Version 12.00
# Visual Studio Version 16
VisualStudioVersion = 16.0.30717.126
MinimumVisualStudioVersion = 10.0.40219.1
Project("{FAE04EC0-301F-11D3-BF4B-00C04F79EFBC}") = "Car Sale", "Car Sale\Car Sale.csproj", "{AE261613-8CE2-48B0-B9D3-EECDCE9E34BD}"
EndProject
Global
	GlobalSection(SolutionConfigurationPlatforms) = preSolution
		Debug|Any CPU = Debug|Any CPU
		Release|Any CPU = Release|Any CPU
	EndGlobalSection
	GlobalSection(ProjectConfigurationPlatforms) = postSolution
		{AE261613-8CE2-48B0-B9D3-EECDCE9E34BD}.Debug|Any CPU.ActiveCfg = Debug|Any CPU
		{AE261613-8CE2-48B0-B9D3-EECDCE9E34BD}.Debug|Any CPU.Build.0 = Debug|Any CPU
		{AE261613-8CE2-48B0-B9D3-EECDCE9E34BD}.Release|Any CPU.ActiveCfg = Release|Any CPU
		{AE261613-8CE2-48B0-B9D3-EECDCE9E34BD}.Release|Any CPU.Build.0 = Release|Any CPU
	EndGlobalSection
	GlobalSection(SolutionProperties) = preSolution
		HideSolutionNode = FALSE
	EndGlobalSection
	GlobalSection(ExtensibilityGlobals) = postSolution
		SolutionGuid = {BA2F9C65-ACB9-447A-9728-390F9B9624CF}
	EndGlobalSection
EndGlobal
